
Microsoft Visual Studio Solution File, Format Version 12.00
# Visual Studio 15
VisualStudioVersion = 15.0.26730.16
MinimumVisualStudioVersion = 10.0.40219.1
Project("{FAE04EC0-301F-11D3-BF4B-00C04F79EFBC}") = "Teste.ContaBanco.Class", "Teste.ContaBanco.Class\Teste.ContaBanco.Class.csproj", "{7B348DDE-FA92-457E-82EF-34D40CCC3ECE}"
EndProject
Project("{FAE04EC0-301F-11D3-BF4B-00C04F79EFBC}") = "Teste.ContaBanco.UI", "Teste.ContaBanco.UI\Teste.ContaBanco.UI.csproj", "{BFCF4C42-5DC4-41CC-93B7-04FD558AF04B}"
EndProject
Global
	GlobalSection(SolutionConfigurationPlatforms) = preSolution
		Debug|Any CPU = Debug|Any CPU
		Release|Any CPU = Release|Any CPU
	EndGlobalSection
	GlobalSection(ProjectConfigurationPlatforms) = postSolution
		{7B348DDE-FA92-457E-82EF-34D40CCC3ECE}.Debug|Any CPU.ActiveCfg = Debug|Any CPU
		{7B348DDE-FA92-457E-82EF-34D40CCC3ECE}.Debug|Any CPU.Build.0 = Debug|Any CPU
		{7B348DDE-FA92-457E-82EF-34D40CCC3ECE}.Release|Any CPU.ActiveCfg = Release|Any CPU
		{7B348DDE-FA92-457E-82EF-34D40CCC3ECE}.Release|Any CPU.Build.0 = Release|Any CPU
		{BFCF4C42-5DC4-41CC-93B7-04FD558AF04B}.Debug|Any CPU.ActiveCfg = Debug|Any CPU
		{BFCF4C42-5DC4-41CC-93B7-04FD558AF04B}.Debug|Any CPU.Build.0 = Debug|Any CPU
		{BFCF4C42-5DC4-41CC-93B7-04FD558AF04B}.Release|Any CPU.ActiveCfg = Release|Any CPU
		{BFCF4C42-5DC4-41CC-93B7-04FD558AF04B}.Release|Any CPU.Build.0 = Release|Any CPU
	EndGlobalSection
	GlobalSection(SolutionProperties) = preSolution
		HideSolutionNode = FALSE
	EndGlobalSection
	GlobalSection(ExtensibilityGlobals) = postSolution
		SolutionGuid = {3850A1ED-21B6-4C74-AD51-B58056068615}
	EndGlobalSection
EndGlobal
